// !$*UTF8*$!
{
	archiveVersion = 1;
	classes = {
	};
	objectVersion = 46;
	objects = {

/* Begin PBXBuildFile section */
		111099840C4F84B8581F44A5 /* libPods-MBProgressHUD网络加载视图.a in Frameworks */ = {isa = PBXBuildFile; fileRef = B483F16729139160DFFF3980 /* libPods-MBProgressHUD网络加载视图.a */; };
		6F6947071F21A79600198F85 /* main.m in Sources */ = {isa = PBXBuildFile; fileRef = 6F6947061F21A79600198F85 /* main.m */; };
		6F69470A1F21A79600198F85 /* AppDelegate.m in Sources */ = {isa = PBXBuildFile; fileRef = 6F6947091F21A79600198F85 /* AppDelegate.m */; };
		6F69470D1F21A79600198F85 /* ViewController.m in Sources */ = {isa = PBXBuildFile; fileRef = 6F69470C1F21A79600198F85 /* ViewController.m */; };
		6F6947101F21A79600198F85 /* Main.storyboard in Resources */ = {isa = PBXBuildFile; fileRef = 6F69470E1F21A79600198F85 /* Main.storyboard */; };
		6F6947121F21A79600198F85 /* Assets.xcassets in Resources */ = {isa = PBXBuildFile; fileRef = 6F6947111F21A79600198F85 /* Assets.xcassets */; };
		6F6947151F21A79600198F85 /* LaunchScreen.storyboard in Resources */ = {isa = PBXBuildFile; fileRef = 6F6947131F21A79600198F85 /* LaunchScreen.storyboard */; };
		6F69471E1F21A80300198F85 /* UIView+MBProgressHUD.m in Sources */ = {isa = PBXBuildFile; fileRef = 6F69471D1F21A80300198F85 /* UIView+MBProgressHUD.m */; };
		6F6947211F21ABA100198F85 /* MBProgressHUD+NH.m in Sources */ = {isa = PBXBuildFile; fileRef = 6F6947201F21ABA100198F85 /* MBProgressHUD+NH.m */; };
/* End PBXBuildFile section */

/* Begin PBXFileReference section */
		6F6947021F21A79600198F85 /* MBProgressHUD网络加载视图.app */ = {isa = PBXFileReference; explicitFileType = wrapper.application; includeInIndex = 0; path = "MBProgressHUD网络加载视图.app"; sourceTree = BUILT_PRODUCTS_DIR; };
		6F6947061F21A79600198F85 /* main.m */ = {isa = PBXFileReference; lastKnownFileType = sourcecode.c.objc; path = main.m; sourceTree = "<group>"; };
		6F6947081F21A79600198F85 /* AppDelegate.h */ = {isa = PBXFileReference; lastKnownFileType = sourcecode.c.h; path = AppDelegate.h; sourceTree = "<group>"; };
		6F6947091F21A79600198F85 /* AppDelegate.m */ = {isa = PBXFileReference; lastKnownFileType = sourcecode.c.objc; path = AppDelegate.m; sourceTree = "<group>"; };
		6F69470B1F21A79600198F85 /* ViewController.h */ = {isa = PBXFileReference; lastKnownFileType = sourcecode.c.h; path = ViewController.h; sourceTree = "<group>"; };
		6F69470C1F21A79600198F85 /* ViewController.m */ = {isa = PBXFileReference; lastKnownFileType = sourcecode.c.objc; path = ViewController.m; sourceTree = "<group>"; };
		6F69470F1F21A79600198F85 /* Base */ = {isa = PBXFileReference; lastKnownFileType = file.storyboard; name = Base; path = Base.lproj/Main.storyboard; sourceTree = "<group>"; };
		6F6947111F21A79600198F85 /* Assets.xcassets */ = {isa = PBXFileReference; lastKnownFileType = folder.assetcatalog; path = Assets.xcassets; sourceTree = "<group>"; };
		6F6947141F21A79600198F85 /* Base */ = {isa = PBXFileReference; lastKnownFileType = file.storyboard; name = Base; path = Base.lproj/LaunchScreen.storyboard; sourceTree = "<group>"; };
		6F6947161F21A79600198F85 /* Info.plist */ = {isa = PBXFileReference; lastKnownFileType = text.plist.xml; path = Info.plist; sourceTree = "<group>"; };
		6F69471C1F21A80300198F85 /* UIView+MBProgressHUD.h */ = {isa = PBXFileReference; fileEncoding = 4; lastKnownFileType = sourcecode.c.h; path = "UIView+MBProgressHUD.h"; sourceTree = "<group>"; };
		6F69471D1F21A80300198F85 /* UIView+MBProgressHUD.m */ = {isa = PBXFileReference; fileEncoding = 4; lastKnownFileType = sourcecode.c.objc; path = "UIView+MBProgressHUD.m"; sourceTree = "<group>"; };
		6F69471F1F21ABA100198F85 /* MBProgressHUD+NH.h */ = {isa = PBXFileReference; fileEncoding = 4; lastKnownFileType = sourcecode.c.h; path = "MBProgressHUD+NH.h"; sourceTree = "<group>"; };
		6F6947201F21ABA100198F85 /* MBProgressHUD+NH.m */ = {isa = PBXFileReference; fileEncoding = 4; lastKnownFileType = sourcecode.c.objc; path = "MBProgressHUD+NH.m"; sourceTree = "<group>"; };
		AAA191C0F3F680588BBFA44D /* Pods-MBProgressHUD网络加载视图.release.xcconfig */ = {isa = PBXFileReference; includeInIndex = 1; lastKnownFileType = text.xcconfig; name = "Pods-MBProgressHUD网络加载视图.release.xcconfig"; path = "Pods/Target Support Files/Pods-MBProgressHUD网络加载视图/Pods-MBProgressHUD网络加载视图.release.xcconfig"; sourceTree = "<group>"; };
		B483F16729139160DFFF3980 /* libPods-MBProgressHUD网络加载视图.a */ = {isa = PBXFileReference; explicitFileType = archive.ar; includeInIndex = 0; path = "libPods-MBProgressHUD网络加载视图.a"; sourceTree = BUILT_PRODUCTS_DIR; };
		FD63D254AF2C772319DE64AA /* Pods-MBProgressHUD网络加载视图.debug.xcconfig */ = {isa = PBXFileReference; includeInIndex = 1; lastKnownFileType = text.xcconfig; name = "Pods-MBProgressHUD网络加载视图.debug.xcconfig"; path = "Pods/Target Support Files/Pods-MBProgressHUD网络加载视图/Pods-MBProgressHUD网络加载视图.debug.xcconfig"; sourceTree = "<group>"; };
/* End PBXFileReference section */

/* Begin PBXFrameworksBuildPhase section */
		6F6946FF1F21A79600198F85 /* Frameworks */ = {
			isa = PBXFrameworksBuildPhase;
			buildActionMask = 2147483647;
			files = (
				111099840C4F84B8581F44A5 /* libPods-MBProgressHUD网络加载视图.a in Frameworks */,
			);
			runOnlyForDeploymentPostprocessing = 0;
		};
/* End PBXFrameworksBuildPhase section */

/* Begin PBXGroup section */
		6F6946F91F21A79600198F85 = {
			isa = PBXGroup;
			children = (
				6F6947041F21A79600198F85 /* MBProgressHUD网络加载视图 */,
				6F6947031F21A79600198F85 /* Products */,
				A407C35D9E64E615D99D6AC9 /* Pods */,
				F1E2D5CAB421FC7808C6A007 /* Frameworks */,
			);
			sourceTree = "<group>";
		};
		6F6947031F21A79600198F85 /* Products */ = {
			isa = PBXGroup;
			children = (
				6F6947021F21A79600198F85 /* MBProgressHUD网络加载视图.app */,
			);
			name = Products;
			sourceTree = "<group>";
		};
		6F6947041F21A79600198F85 /* MBProgressHUD网络加载视图 */ = {
			isa = PBXGroup;
			children = (
				6F6947081F21A79600198F85 /* AppDelegate.h */,
				6F6947091F21A79600198F85 /* AppDelegate.m */,
				6F69470B1F21A79600198F85 /* ViewController.h */,
				6F69470C1F21A79600198F85 /* ViewController.m */,
				6F69471C1F21A80300198F85 /* UIView+MBProgressHUD.h */,
				6F69471D1F21A80300198F85 /* UIView+MBProgressHUD.m */,
				6F69471F1F21ABA100198F85 /* MBProgressHUD+NH.h */,
				6F6947201F21ABA100198F85 /* MBProgressHUD+NH.m */,
				6F69470E1F21A79600198F85 /* Main.storyboard */,
				6F6947111F21A79600198F85 /* Assets.xcassets */,
				6F6947131F21A79600198F85 /* LaunchScreen.storyboard */,
				6F6947161F21A79600198F85 /* Info.plist */,
				6F6947051F21A79600198F85 /* Supporting Files */,
			);
			path = "MBProgressHUD网络加载视图";
			sourceTree = "<group>";
		};
		6F6947051F21A79600198F85 /* Supporting Files */ = {
			isa = PBXGroup;
			children = (
				6F6947061F21A79600198F85 /* main.m */,
			);
			name = "Supporting Files";
			sourceTree = "<group>";
		};
		A407C35D9E64E615D99D6AC9 /* Pods */ = {
			isa = PBXGroup;
			children = (
				FD63D254AF2C772319DE64AA /* Pods-MBProgressHUD网络加载视图.debug.xcconfig */,
				AAA191C0F3F680588BBFA44D /* Pods-MBProgressHUD网络加载视图.release.xcconfig */,
			);
			name = Pods;
			sourceTree = "<group>";
		};
		F1E2D5CAB421FC7808C6A007 /* Frameworks */ = {
			isa = PBXGroup;
			children = (
				B483F16729139160DFFF3980 /* libPods-MBProgressHUD网络加载视图.a */,
			);
			name = Frameworks;
			sourceTree = "<group>";
		};
/* End PBXGroup section */

/* Begin PBXNativeTarget section */
		6F6947011F21A79600198F85 /* MBProgressHUD网络加载视图 */ = {
			isa = PBXNativeTarget;
			buildConfigurationList = 6F6947191F21A79600198F85 /* Build configuration list for PBXNativeTarget "MBProgressHUD网络加载视图" */;
			buildPhases = (
				3DCA5B1881C68C24902129DD /* [CP] Check Pods Manifest.lock */,
				6F6946FE1F21A79600198F85 /* Sources */,
				6F6946FF1F21A79600198F85 /* Frameworks */,
				6F6947001F21A79600198F85 /* Resources */,
				9BE8CA488C4186D38710FA2A /* [CP] Embed Pods Frameworks */,
				2178B0B3D49F6A16102EE902 /* [CP] Copy Pods Resources */,
			);
			buildRules = (
			);
			dependencies = (
			);
			name = "MBProgressHUD网络加载视图";
			productName = "MBProgressHUD网络加载视图";
			productReference = 6F6947021F21A79600198F85 /* MBProgressHUD网络加载视图.app */;
			productType = "com.apple.product-type.application";
		};
/* End PBXNativeTarget section */

/* Begin PBXProject section */
		6F6946FA1F21A79600198F85 /* Project object */ = {
			isa = PBXProject;
			attributes = {
				LastUpgradeCheck = 0830;
				ORGANIZATIONNAME = dfsj;
				TargetAttributes = {
					6F6947011F21A79600198F85 = {
						CreatedOnToolsVersion = 8.3.3;
						DevelopmentTeam = GMXVAYY95W;
						ProvisioningStyle = Automatic;
					};
				};
			};
			buildConfigurationList = 6F6946FD1F21A79600198F85 /* Build configuration list for PBXProject "MBProgressHUD网络加载视图" */;
			compatibilityVersion = "Xcode 3.2";
			developmentRegion = English;
			hasScannedForEncodings = 0;
			knownRegions = (
				en,
				Base,
			);
			mainGroup = 6F6946F91F21A79600198F85;
			productRefGroup = 6F6947031F21A79600198F85 /* Products */;
			projectDirPath = "";
			projectRoot = "";
			targets = (
				6F6947011F21A79600198F85 /* MBProgressHUD网络加载视图 */,
			);
		};
/* End PBXProject section */

/* Begin PBXResourcesBuildPhase section */
		6F6947001F21A79600198F85 /* Resources */ = {
			isa = PBXResourcesBuildPhase;
			buildActionMask = 2147483647;
			files = (
				6F6947151F21A79600198F85 /* LaunchScreen.storyboard in Resources */,
				6F6947121F21A79600198F85 /* Assets.xcassets in Resources */,
				6F6947101F21A79600198F85 /* Main.storyboard in Resources */,
			);
			runOnlyForDeploymentPostprocessing = 0;
		};
/* End PBXResourcesBuildPhase section */

/* Begin PBXShellScriptBuildPhase section */
		2178B0B3D49F6A16102EE902 /* [CP] Copy Pods Resources */ = {
			isa = PBXShellScriptBuildPhase;
			buildActionMask = 2147483647;
			files = (
			);
			inputPaths = (
			);
			name = "[CP] Copy Pods Resources";
			outputPaths = (
			);
			runOnlyForDeploymentPostprocessing = 0;
			shellPath = /bin/sh;
			shellScript = "\"${SRCROOT}/Pods/Target Support Files/Pods-MBProgressHUD网络加载视图/Pods-MBProgressHUD网络加载视图-resources.sh\"\n";
			showEnvVarsInLog = 0;
		};
		3DCA5B1881C68C24902129DD /* [CP] Check Pods Manifest.lock */ = {
			isa = PBXShellScriptBuildPhase;
			buildActionMask = 2147483647;
			files = (
			);
			inputPaths = (
			);
			name = "[CP] Check Pods Manifest.lock";
			outputPaths = (
			);
			runOnlyForDeploymentPostprocessing = 0;
			shellPath = /bin/sh;
			shellScript = "diff \"${PODS_PODFILE_DIR_PATH}/Podfile.lock\" \"${PODS_ROOT}/Manifest.lock\" > /dev/null\nif [ $? != 0 ] ; then\n    # print error to STDERR\n    echo \"error: The sandbox is not in sync with the Podfile.lock. Run 'pod install' or update your CocoaPods installation.\" >&2\n    exit 1\nfi\n";
			showEnvVarsInLog = 0;
		};
		9BE8CA488C4186D38710FA2A /* [CP] Embed Pods Frameworks */ = {
			isa = PBXShellScriptBuildPhase;
			buildActionMask = 2147483647;
			files = (
			);
			inputPaths = (
			);
			name = "[CP] Embed Pods Frameworks";
			outputPaths = (
			);
			runOnlyForDeploymentPostprocessing = 0;
			shellPath = /bin/sh;
			shellScript = "\"${SRCROOT}/Pods/Target Support Files/Pods-MBProgressHUD网络加载视图/Pods-MBProgressHUD网络加载视图-frameworks.sh\"\n";
			showEnvVarsInLog = 0;
		};
/* End PBXShellScriptBuildPhase section */

/* Begin PBXSourcesBuildPhase section */
		6F6946FE1F21A79600198F85 /* Sources */ = {
			isa = PBXSourcesBuildPhase;
			buildActionMask = 2147483647;
			files = (
				6F69470D1F21A79600198F85 /* ViewController.m in Sources */,
				6F6947211F21ABA100198F85 /* MBProgressHUD+NH.m in Sources */,
				6F69470A1F21A79600198F85 /* AppDelegate.m in Sources */,
				6F69471E1F21A80300198F85 /* UIView+MBProgressHUD.m in Sources */,
				6F6947071F21A79600198F85 /* main.m in Sources */,
			);
			runOnlyForDeploymentPostprocessing = 0;
		};
/* End PBXSourcesBuildPhase section */

/* Begin PBXVariantGroup section */
		6F69470E1F21A79600198F85 /* Main.storyboard */ = {
			isa = PBXVariantGroup;
			children = (
				6F69470F1F21A79600198F85 /* Base */,
			);
			name = Main.storyboard;
			sourceTree = "<group>";
		};
		6F6947131F21A79600198F85 /* LaunchScreen.storyboard */ = {
			isa = PBXVariantGroup;
			children = (
				6F6947141F21A79600198F85 /* Base */,
			);
			name = LaunchScreen.storyboard;
			sourceTree = "<group>";
		};
/* End PBXVariantGroup section */

/* Begin XCBuildConfiguration section */
		6F6947171F21A79600198F85 /* Debug */ = {
			isa = XCBuildConfiguration;
			buildSettings = {
				ALWAYS_SEARCH_USER_PATHS = NO;
				CLANG_ANALYZER_NONNULL = YES;
				CLANG_ANALYZER_NUMBER_OBJECT_CONVERSION = YES_AGGRESSIVE;
				CLANG_CXX_LANGUAGE_STANDARD = "gnu++0x";
				CLANG_CXX_LIBRARY = "libc++";
				CLANG_ENABLE_MODULES = YES;
				CLANG_ENABLE_OBJC_ARC = YES;
				CLANG_WARN_BOOL_CONVERSION = YES;
				CLANG_WARN_CONSTANT_CONVERSION = YES;
				CLANG_WARN_DIRECT_OBJC_ISA_USAGE = YES_ERROR;
				CLANG_WARN_DOCUMENTATION_COMMENTS = YES;
				CLANG_WARN_EMPTY_BODY = YES;
				CLANG_WARN_ENUM_CONVERSION = YES;
				CLANG_WARN_INFINITE_RECURSION = YES;
				CLANG_WARN_INT_CONVERSION = YES;
				CLANG_WARN_OBJC_ROOT_CLASS = YES_ERROR;
				CLANG_WARN_SUSPICIOUS_MOVE = YES;
				CLANG_WARN_UNREACHABLE_CODE = YES;
				CLANG_WARN__DUPLICATE_METHOD_MATCH = YES;
				"CODE_SIGN_IDENTITY[sdk=iphoneos*]" = "iPhone Developer";
				COPY_PHASE_STRIP = NO;
				DEBUG_INFORMATION_FORMAT = dwarf;
				ENABLE_STRICT_OBJC_MSGSEND = YES;
				ENABLE_TESTABILITY = YES;
				GCC_C_LANGUAGE_STANDARD = gnu99;
				GCC_DYNAMIC_NO_PIC = NO;
				GCC_NO_COMMON_BLOCKS = YES;
				GCC_OPTIMIZATION_LEVEL = 0;
				GCC_PREPROCESSOR_DEFINITIONS = (
					"DEBUG=1",
					"$(inherited)",
				);
				GCC_WARN_64_TO_32_BIT_CONVERSION = YES;
				GCC_WARN_ABOUT_RETURN_TYPE = YES_ERROR;
				GCC_WARN_UNDECLARED_SELECTOR = YES;
				GCC_WARN_UNINITIALIZED_AUTOS = YES_AGGRESSIVE;
				GCC_WARN_UNUSED_FUNCTION = YES;
				GCC_WARN_UNUSED_VARIABLE = YES;
				IPHONEOS_DEPLOYMENT_TARGET = 10.3;
				MTL_ENABLE_DEBUG_INFO = YES;
				ONLY_ACTIVE_ARCH = YES;
				SDKROOT = iphoneos;
				TARGETED_DEVICE_FAMILY = "1,2";
			};
			name = Debug;
		};
		6F6947181F21A79600198F85 /* Release */ = {
			isa = XCBuildConfiguration;
			buildSettings = {
				ALWAYS_SEARCH_USER_PATHS = NO;
				CLANG_ANALYZER_NONNULL = YES;
				CLANG_ANALYZER_NUMBER_OBJECT_CONVERSION = YES_AGGRESSIVE;
				CLANG_CXX_LANGUAGE_STANDARD = "gnu++0x";
				CLANG_CXX_LIBRARY = "libc++";
				CLANG_ENABLE_MODULES = YES;
				CLANG_ENABLE_OBJC_ARC = YES;
				CLANG_WARN_BOOL_CONVERSION = YES;
				CLANG_WARN_CONSTANT_CONVERSION = YES;
				CLANG_WARN_DIRECT_OBJC_ISA_USAGE = YES_ERROR;
				CLANG_WARN_DOCUMENTATION_COMMENTS = YES;
				CLANG_WARN_EMPTY_BODY = YES;
				CLANG_WARN_ENUM_CONVERSION = YES;
				CLANG_WARN_INFINITE_RECURSION = YES;
				CLANG_WARN_INT_CONVERSION = YES;
				CLANG_WARN_OBJC_ROOT_CLASS = YES_ERROR;
				CLANG_WARN_SUSPICIOUS_MOVE = YES;
				CLANG_WARN_UNREACHABLE_CODE = YES;
				CLANG_WARN__DUPLICATE_METHOD_MATCH = YES;
				"CODE_SIGN_IDENTITY[sdk=iphoneos*]" = "iPhone Developer";
				COPY_PHASE_STRIP = NO;
				DEBUG_INFORMATION_FORMAT = "dwarf-with-dsym";
				ENABLE_NS_ASSERTIONS = NO;
				ENABLE_STRICT_OBJC_MSGSEND = YES;
				GCC_C_LANGUAGE_STANDARD = gnu99;
				GCC_NO_COMMON_BLOCKS = YES;
				GCC_WARN_64_TO_32_BIT_CONVERSION = YES;
				GCC_WARN_ABOUT_RETURN_TYPE = YES_ERROR;
				GCC_WARN_UNDECLARED_SELECTOR = YES;
				GCC_WARN_UNINITIALIZED_AUTOS = YES_AGGRESSIVE;
				GCC_WARN_UNUSED_FUNCTION = YES;
				GCC_WARN_UNUSED_VARIABLE = YES;
				IPHONEOS_DEPLOYMENT_TARGET = 10.3;
				MTL_ENABLE_DEBUG_INFO = NO;
				SDKROOT = iphoneos;
				TARGETED_DEVICE_FAMILY = "1,2";
				VALIDATE_PRODUCT = YES;
			};
			name = Release;
		};
		6F69471A1F21A79600198F85 /* Debug */ = {
			isa = XCBuildConfiguration;
			baseConfigurationReference = FD63D254AF2C772319DE64AA /* Pods-MBProgressHUD网络加载视图.debug.xcconfig */;
			buildSettings = {
				ASSETCATALOG_COMPILER_APPICON_NAME = AppIcon;
				DEVELOPMENT_TEAM = GMXVAYY95W;
				INFOPLIST_FILE = "MBProgressHUD网络加载视图/Info.plist";
				IPHONEOS_DEPLOYMENT_TARGET = 9.2;
				LD_RUNPATH_SEARCH_PATHS = "$(inherited) @executable_path/Frameworks";
				PRODUCT_BUNDLE_IDENTIFIER = "cn.3dov.MBProgressHUD------";
				PRODUCT_NAME = "$(TARGET_NAME)";
			};
			name = Debug;
		};
		6F69471B1F21A79600198F85 /* Release */ = {
			isa = XCBuildConfiguration;
			baseConfigurationReference = AAA191C0F3F680588BBFA44D /* Pods-MBProgressHUD网络加载视图.release.xcconfig */;
			buildSettings = {
				ASSETCATALOG_COMPILER_APPICON_NAME = AppIcon;
				DEVELOPMENT_TEAM = GMXVAYY95W;
				INFOPLIST_FILE = "MBProgressHUD网络加载视图/Info.plist";
				IPHONEOS_DEPLOYMENT_TARGET = 9.2;
				LD_RUNPATH_SEARCH_PATHS = "$(inherited) @executable_path/Frameworks";
				PRODUCT_BUNDLE_IDENTIFIER = "cn.3dov.MBProgressHUD------";
				PRODUCT_NAME = "$(TARGET_NAME)";
			};
			name = Release;
		};
/* End XCBuildConfiguration section */

/* Begin XCConfigurationList section */
		6F6946FD1F21A79600198F85 /* Build configuration list for PBXProject "MBProgressHUD网络加载视图" */ = {
			isa = XCConfigurationList;
			buildConfigurations = (
				6F6947171F21A79600198F85 /* Debug */,
				6F6947181F21A79600198F85 /* Release */,
			);
			defaultConfigurationIsVisible = 0;
			defaultConfigurationName = Release;
		};
		6F6947191F21A79600198F85 /* Build configuration list for PBXNativeTarget "MBProgressHUD网络加载视图" */ = {
			isa = XCConfigurationList;
			buildConfigurations = (
				6F69471A1F21A79600198F85 /* Debug */,
				6F69471B1F21A79600198F85 /* Release */,
			);
			defaultConfigurationIsVisible = 0;
			defaultConfigurationName = Release;
		};
/* End XCConfigurationList section */
	};
	rootObject = 6F6946FA1F21A79600198F85 /* Project object */;
}
